// !$*UTF8*$!
{
	archiveVersion = 1;
	classes = {
	};
	objectVersion = 46;
	objects = {

/* Begin PBXBuildFile section */
		5B5BFDCF1DC65DD4007E52A7 /* AppDelegate.swift in Sources */ = {isa = PBXBuildFile; fileRef = 5B5BFDCE1DC65DD4007E52A7 /* AppDelegate.swift */; };
		5B5BFDD11DC65DD4007E52A7 /* ViewController.swift in Sources */ = {isa = PBXBuildFile; fileRef = 5B5BFDD01DC65DD4007E52A7 /* ViewController.swift */; };
		5B5BFDD41DC65DD4007E52A7 /* Main.storyboard in Resources */ = {isa = PBXBuildFile; fileRef = 5B5BFDD21DC65DD4007E52A7 /* Main.storyboard */; };
		5B5BFDD61DC65DD4007E52A7 /* Assets.xcassets in Resources */ = {isa = PBXBuildFile; fileRef = 5B5BFDD51DC65DD4007E52A7 /* Assets.xcassets */; };
		5B5BFDD91DC65DD4007E52A7 /* LaunchScreen.storyboard in Resources */ = {isa = PBXBuildFile; fileRef = 5B5BFDD71DC65DD4007E52A7 /* LaunchScreen.storyboard */; };
		5B5BFDE41DC65DD5007E52A7 /* RXMarvelousTests.swift in Sources */ = {isa = PBXBuildFile; fileRef = 5B5BFDE31DC65DD5007E52A7 /* RXMarvelousTests.swift */; };
		5B5BFDEF1DC65DD5007E52A7 /* RXMarvelousUITests.swift in Sources */ = {isa = PBXBuildFile; fileRef = 5B5BFDEE1DC65DD5007E52A7 /* RXMarvelousUITests.swift */; };
		AED80A049CD4A27BDE13BBA3 /* Pods_RXMarvelous.framework in Frameworks */ = {isa = PBXBuildFile; fileRef = 61677136B81E307CA297AA59 /* Pods_RXMarvelous.framework */; };
		E1C71E2612CFF8F47112A025 /* Pods_RXMarvelousTests.framework in Frameworks */ = {isa = PBXBuildFile; fileRef = AB419AC559EC067CB4991056 /* Pods_RXMarvelousTests.framework */; };
/* End PBXBuildFile section */

/* Begin PBXContainerItemProxy section */
		5B5BFDE01DC65DD5007E52A7 /* PBXContainerItemProxy */ = {
			isa = PBXContainerItemProxy;
			containerPortal = 5B5BFDC31DC65DD4007E52A7 /* Project object */;
			proxyType = 1;
			remoteGlobalIDString = 5B5BFDCA1DC65DD4007E52A7;
			remoteInfo = RXMarvelous;
		};
		5B5BFDEB1DC65DD5007E52A7 /* PBXContainerItemProxy */ = {
			isa = PBXContainerItemProxy;
			containerPortal = 5B5BFDC31DC65DD4007E52A7 /* Project object */;
			proxyType = 1;
			remoteGlobalIDString = 5B5BFDCA1DC65DD4007E52A7;
			remoteInfo = RXMarvelous;
		};
/* End PBXContainerItemProxy section */

/* Begin PBXFileReference section */
		2E8CB926258307E98DD5E7AB /* Pods-RXMarvelous.debug.xcconfig */ = {isa = PBXFileReference; includeInIndex = 1; lastKnownFileType = text.xcconfig; name = "Pods-RXMarvelous.debug.xcconfig"; path = "Pods/Target Support Files/Pods-RXMarvelous/Pods-RXMarvelous.debug.xcconfig"; sourceTree = "<group>"; };
		391776C1681B2E68C3DB8061 /* Pods-RXMarvelousTests.debug.xcconfig */ = {isa = PBXFileReference; includeInIndex = 1; lastKnownFileType = text.xcconfig; name = "Pods-RXMarvelousTests.debug.xcconfig"; path = "Pods/Target Support Files/Pods-RXMarvelousTests/Pods-RXMarvelousTests.debug.xcconfig"; sourceTree = "<group>"; };
		5B5BFDCB1DC65DD4007E52A7 /* RXMarvelous.app */ = {isa = PBXFileReference; explicitFileType = wrapper.application; includeInIndex = 0; path = RXMarvelous.app; sourceTree = BUILT_PRODUCTS_DIR; };
		5B5BFDCE1DC65DD4007E52A7 /* AppDelegate.swift */ = {isa = PBXFileReference; lastKnownFileType = sourcecode.swift; path = AppDelegate.swift; sourceTree = "<group>"; };
		5B5BFDD01DC65DD4007E52A7 /* ViewController.swift */ = {isa = PBXFileReference; lastKnownFileType = sourcecode.swift; path = ViewController.swift; sourceTree = "<group>"; };
		5B5BFDD31DC65DD4007E52A7 /* Base */ = {isa = PBXFileReference; lastKnownFileType = file.storyboard; name = Base; path = Base.lproj/Main.storyboard; sourceTree = "<group>"; };
		5B5BFDD51DC65DD4007E52A7 /* Assets.xcassets */ = {isa = PBXFileReference; lastKnownFileType = folder.assetcatalog; path = Assets.xcassets; sourceTree = "<group>"; };
		5B5BFDD81DC65DD4007E52A7 /* Base */ = {isa = PBXFileReference; lastKnownFileType = file.storyboard; name = Base; path = Base.lproj/LaunchScreen.storyboard; sourceTree = "<group>"; };
		5B5BFDDA1DC65DD4007E52A7 /* Info.plist */ = {isa = PBXFileReference; lastKnownFileType = text.plist.xml; path = Info.plist; sourceTree = "<group>"; };
		5B5BFDDF1DC65DD5007E52A7 /* RXMarvelousTests.xctest */ = {isa = PBXFileReference; explicitFileType = wrapper.cfbundle; includeInIndex = 0; path = RXMarvelousTests.xctest; sourceTree = BUILT_PRODUCTS_DIR; };
		5B5BFDE31DC65DD5007E52A7 /* RXMarvelousTests.swift */ = {isa = PBXFileReference; lastKnownFileType = sourcecode.swift; path = RXMarvelousTests.swift; sourceTree = "<group>"; };
		5B5BFDE51DC65DD5007E52A7 /* Info.plist */ = {isa = PBXFileReference; lastKnownFileType = text.plist.xml; path = Info.plist; sourceTree = "<group>"; };
		5B5BFDEA1DC65DD5007E52A7 /* RXMarvelousUITests.xctest */ = {isa = PBXFileReference; explicitFileType = wrapper.cfbundle; includeInIndex = 0; path = RXMarvelousUITests.xctest; sourceTree = BUILT_PRODUCTS_DIR; };
		5B5BFDEE1DC65DD5007E52A7 /* RXMarvelousUITests.swift */ = {isa = PBXFileReference; lastKnownFileType = sourcecode.swift; path = RXMarvelousUITests.swift; sourceTree = "<group>"; };
		5B5BFDF01DC65DD5007E52A7 /* Info.plist */ = {isa = PBXFileReference; lastKnownFileType = text.plist.xml; path = Info.plist; sourceTree = "<group>"; };
		5B5BFDFE1DC662AE007E52A7 /* README.md */ = {isa = PBXFileReference; fileEncoding = 4; lastKnownFileType = net.daringfireball.markdown; name = README.md; path = ../README.md; sourceTree = "<group>"; };
		61677136B81E307CA297AA59 /* Pods_RXMarvelous.framework */ = {isa = PBXFileReference; explicitFileType = wrapper.framework; includeInIndex = 0; path = Pods_RXMarvelous.framework; sourceTree = BUILT_PRODUCTS_DIR; };
		809578FE50CB9033FC86FED5 /* Pods-RXMarvelousTests.release.xcconfig */ = {isa = PBXFileReference; includeInIndex = 1; lastKnownFileType = text.xcconfig; name = "Pods-RXMarvelousTests.release.xcconfig"; path = "Pods/Target Support Files/Pods-RXMarvelousTests/Pods-RXMarvelousTests.release.xcconfig"; sourceTree = "<group>"; };
		A04382963A0C599E7B03268C /* Pods-RXMarvelous.release.xcconfig */ = {isa = PBXFileReference; includeInIndex = 1; lastKnownFileType = text.xcconfig; name = "Pods-RXMarvelous.release.xcconfig"; path = "Pods/Target Support Files/Pods-RXMarvelous/Pods-RXMarvelous.release.xcconfig"; sourceTree = "<group>"; };
		AB419AC559EC067CB4991056 /* Pods_RXMarvelousTests.framework */ = {isa = PBXFileReference; explicitFileType = wrapper.framework; includeInIndex = 0; path = Pods_RXMarvelousTests.framework; sourceTree = BUILT_PRODUCTS_DIR; };
/* End PBXFileReference section */

/* Begin PBXFrameworksBuildPhase section */
		5B5BFDC81DC65DD4007E52A7 /* Frameworks */ = {
			isa = PBXFrameworksBuildPhase;
			buildActionMask = 2147483647;
			files = (
				AED80A049CD4A27BDE13BBA3 /* Pods_RXMarvelous.framework in Frameworks */,
			);
			runOnlyForDeploymentPostprocessing = 0;
		};
		5B5BFDDC1DC65DD5007E52A7 /* Frameworks */ = {
			isa = PBXFrameworksBuildPhase;
			buildActionMask = 2147483647;
			files = (
				E1C71E2612CFF8F47112A025 /* Pods_RXMarvelousTests.framework in Frameworks */,
			);
			runOnlyForDeploymentPostprocessing = 0;
		};
		5B5BFDE71DC65DD5007E52A7 /* Frameworks */ = {
			isa = PBXFrameworksBuildPhase;
			buildActionMask = 2147483647;
			files = (
			);
			runOnlyForDeploymentPostprocessing = 0;
		};
/* End PBXFrameworksBuildPhase section */

/* Begin PBXGroup section */
		5B5BFDC21DC65DD4007E52A7 = {
			isa = PBXGroup;
			children = (
				5B5BFDCD1DC65DD4007E52A7 /* RXMarvelous */,
				5B5BFDE21DC65DD5007E52A7 /* RXMarvelousTests */,
				5B5BFDED1DC65DD5007E52A7 /* RXMarvelousUITests */,
				5B5BFDCC1DC65DD4007E52A7 /* Products */,
				9F27115069B854439D271DCB /* Pods */,
				F796AC102AD2DEA983413780 /* Frameworks */,
			);
			sourceTree = "<group>";
		};
		5B5BFDCC1DC65DD4007E52A7 /* Products */ = {
			isa = PBXGroup;
			children = (
				5B5BFDCB1DC65DD4007E52A7 /* RXMarvelous.app */,
				5B5BFDDF1DC65DD5007E52A7 /* RXMarvelousTests.xctest */,
				5B5BFDEA1DC65DD5007E52A7 /* RXMarvelousUITests.xctest */,
			);
			name = Products;
			sourceTree = "<group>";
		};
		5B5BFDCD1DC65DD4007E52A7 /* RXMarvelous */ = {
			isa = PBXGroup;
			children = (
				5B5BFDFD1DC65DED007E52A7 /* Scenes */,
				5B5BFDFC1DC65DE0007E52A7 /* Supporting Files */,
			);
			path = RXMarvelous;
			sourceTree = "<group>";
		};
		5B5BFDE21DC65DD5007E52A7 /* RXMarvelousTests */ = {
			isa = PBXGroup;
			children = (
				5B5BFDE31DC65DD5007E52A7 /* RXMarvelousTests.swift */,
				5B5BFDE51DC65DD5007E52A7 /* Info.plist */,
			);
			path = RXMarvelousTests;
			sourceTree = "<group>";
		};
		5B5BFDED1DC65DD5007E52A7 /* RXMarvelousUITests */ = {
			isa = PBXGroup;
			children = (
				5B5BFDEE1DC65DD5007E52A7 /* RXMarvelousUITests.swift */,
				5B5BFDF01DC65DD5007E52A7 /* Info.plist */,
			);
			path = RXMarvelousUITests;
			sourceTree = "<group>";
		};
		5B5BFDFC1DC65DE0007E52A7 /* Supporting Files */ = {
			isa = PBXGroup;
			children = (
				5B5BFDFE1DC662AE007E52A7 /* README.md */,
				5B5BFDCE1DC65DD4007E52A7 /* AppDelegate.swift */,
				5B5BFDD51DC65DD4007E52A7 /* Assets.xcassets */,
				5B5BFDD71DC65DD4007E52A7 /* LaunchScreen.storyboard */,
				5B5BFDDA1DC65DD4007E52A7 /* Info.plist */,
			);
			name = "Supporting Files";
			sourceTree = "<group>";
		};
		5B5BFDFD1DC65DED007E52A7 /* Scenes */ = {
			isa = PBXGroup;
			children = (
				5B5BFDD01DC65DD4007E52A7 /* ViewController.swift */,
				5B5BFDD21DC65DD4007E52A7 /* Main.storyboard */,
			);
			name = Scenes;
			sourceTree = "<group>";
		};
		9F27115069B854439D271DCB /* Pods */ = {
			isa = PBXGroup;
			children = (
				2E8CB926258307E98DD5E7AB /* Pods-RXMarvelous.debug.xcconfig */,
				A04382963A0C599E7B03268C /* Pods-RXMarvelous.release.xcconfig */,
				391776C1681B2E68C3DB8061 /* Pods-RXMarvelousTests.debug.xcconfig */,
				809578FE50CB9033FC86FED5 /* Pods-RXMarvelousTests.release.xcconfig */,
			);
			name = Pods;
			sourceTree = "<group>";
		};
		F796AC102AD2DEA983413780 /* Frameworks */ = {
			isa = PBXGroup;
			children = (
				61677136B81E307CA297AA59 /* Pods_RXMarvelous.framework */,
				AB419AC559EC067CB4991056 /* Pods_RXMarvelousTests.framework */,
			);
			name = Frameworks;
			sourceTree = "<group>";
		};
/* End PBXGroup section */

/* Begin PBXNativeTarget section */
		5B5BFDCA1DC65DD4007E52A7 /* RXMarvelous */ = {
			isa = PBXNativeTarget;
			buildConfigurationList = 5B5BFDF31DC65DD5007E52A7 /* Build configuration list for PBXNativeTarget "RXMarvelous" */;
			buildPhases = (
				6A8D29EE74CAB10970FD5678 /* [CP] Check Pods Manifest.lock */,
				5B5BFDC71DC65DD4007E52A7 /* Sources */,
				5B5BFDC81DC65DD4007E52A7 /* Frameworks */,
				5B5BFDC91DC65DD4007E52A7 /* Resources */,
				3C3E18CBBB824FAA5BD25BF5 /* [CP] Embed Pods Frameworks */,
				988D27F152775FC3D23EF0BE /* [CP] Copy Pods Resources */,
				5B5BFE001DC66A00007E52A7 /* ShellScript */,
			);
			buildRules = (
			);
			dependencies = (
			);
			name = RXMarvelous;
			productName = RXMarvelous;
			productReference = 5B5BFDCB1DC65DD4007E52A7 /* RXMarvelous.app */;
			productType = "com.apple.product-type.application";
		};
		5B5BFDDE1DC65DD5007E52A7 /* RXMarvelousTests */ = {
			isa = PBXNativeTarget;
			buildConfigurationList = 5B5BFDF61DC65DD5007E52A7 /* Build configuration list for PBXNativeTarget "RXMarvelousTests" */;
			buildPhases = (
				773F0A1049855D148718F913 /* [CP] Check Pods Manifest.lock */,
				5B5BFDDB1DC65DD5007E52A7 /* Sources */,
				5B5BFDDC1DC65DD5007E52A7 /* Frameworks */,
				5B5BFDDD1DC65DD5007E52A7 /* Resources */,
				80A624666FFA94611AB87A9C /* [CP] Embed Pods Frameworks */,
				EEA60420EF756493F9A0772F /* [CP] Copy Pods Resources */,
			);
			buildRules = (
			);
			dependencies = (
				5B5BFDE11DC65DD5007E52A7 /* PBXTargetDependency */,
			);
			name = RXMarvelousTests;
			productName = RXMarvelousTests;
			productReference = 5B5BFDDF1DC65DD5007E52A7 /* RXMarvelousTests.xctest */;
			productType = "com.apple.product-type.bundle.unit-test";
		};
		5B5BFDE91DC65DD5007E52A7 /* RXMarvelousUITests */ = {
			isa = PBXNativeTarget;
			buildConfigurationList = 5B5BFDF91DC65DD5007E52A7 /* Build configuration list for PBXNativeTarget "RXMarvelousUITests" */;
			buildPhases = (
				5B5BFDE61DC65DD5007E52A7 /* Sources */,
				5B5BFDE71DC65DD5007E52A7 /* Frameworks */,
				5B5BFDE81DC65DD5007E52A7 /* Resources */,
			);
			buildRules = (
			);
			dependencies = (
				5B5BFDEC1DC65DD5007E52A7 /* PBXTargetDependency */,
			);
			name = RXMarvelousUITests;
			productName = RXMarvelousUITests;
			productReference = 5B5BFDEA1DC65DD5007E52A7 /* RXMarvelousUITests.xctest */;
			productType = "com.apple.product-type.bundle.ui-testing";
		};
/* End PBXNativeTarget section */

/* Begin PBXProject section */
		5B5BFDC31DC65DD4007E52A7 /* Project object */ = {
			isa = PBXProject;
			attributes = {
				LastSwiftUpdateCheck = 0810;
				LastUpgradeCheck = 0810;
				ORGANIZATIONNAME = frelei;
				TargetAttributes = {
					5B5BFDCA1DC65DD4007E52A7 = {
						CreatedOnToolsVersion = 8.1;
						ProvisioningStyle = Automatic;
					};
					5B5BFDDE1DC65DD5007E52A7 = {
						CreatedOnToolsVersion = 8.1;
						ProvisioningStyle = Automatic;
						TestTargetID = 5B5BFDCA1DC65DD4007E52A7;
					};
					5B5BFDE91DC65DD5007E52A7 = {
						CreatedOnToolsVersion = 8.1;
						ProvisioningStyle = Automatic;
						TestTargetID = 5B5BFDCA1DC65DD4007E52A7;
					};
				};
			};
			buildConfigurationList = 5B5BFDC61DC65DD4007E52A7 /* Build configuration list for PBXProject "RXMarvelous" */;
			compatibilityVersion = "Xcode 3.2";
			developmentRegion = English;
			hasScannedForEncodings = 0;
			knownRegions = (
				en,
				Base,
			);
			mainGroup = 5B5BFDC21DC65DD4007E52A7;
			productRefGroup = 5B5BFDCC1DC65DD4007E52A7 /* Products */;
			projectDirPath = "";
			projectRoot = "";
			targets = (
				5B5BFDCA1DC65DD4007E52A7 /* RXMarvelous */,
				5B5BFDDE1DC65DD5007E52A7 /* RXMarvelousTests */,
				5B5BFDE91DC65DD5007E52A7 /* RXMarvelousUITests */,
			);
		};
/* End PBXProject section */

/* Begin PBXResourcesBuildPhase section */
		5B5BFDC91DC65DD4007E52A7 /* Resources */ = {
			isa = PBXResourcesBuildPhase;
			buildActionMask = 2147483647;
			files = (
				5B5BFDD91DC65DD4007E52A7 /* LaunchScreen.storyboard in Resources */,
				5B5BFDD61DC65DD4007E52A7 /* Assets.xcassets in Resources */,
				5B5BFDD41DC65DD4007E52A7 /* Main.storyboard in Resources */,
			);
			runOnlyForDeploymentPostprocessing = 0;
		};
		5B5BFDDD1DC65DD5007E52A7 /* Resources */ = {
			isa = PBXResourcesBuildPhase;
			buildActionMask = 2147483647;
			files = (
			);
			runOnlyForDeploymentPostprocessing = 0;
		};
		5B5BFDE81DC65DD5007E52A7 /* Resources */ = {
			isa = PBXResourcesBuildPhase;
			buildActionMask = 2147483647;
			files = (
			);
			runOnlyForDeploymentPostprocessing = 0;
		};
/* End PBXResourcesBuildPhase section */

/* Begin PBXShellScriptBuildPhase section */
		3C3E18CBBB824FAA5BD25BF5 /* [CP] Embed Pods Frameworks */ = {
			isa = PBXShellScriptBuildPhase;
			buildActionMask = 2147483647;
			files = (
			);
			inputPaths = (
			);
			name = "[CP] Embed Pods Frameworks";
			outputPaths = (
			);
			runOnlyForDeploymentPostprocessing = 0;
			shellPath = /bin/sh;
			shellScript = "\"${SRCROOT}/Pods/Target Support Files/Pods-RXMarvelous/Pods-RXMarvelous-frameworks.sh\"\n";
			showEnvVarsInLog = 0;
		};
		5B5BFE001DC66A00007E52A7 /* ShellScript */ = {
			isa = PBXShellScriptBuildPhase;
			buildActionMask = 2147483647;
			files = (
			);
			inputPaths = (
			);
			outputPaths = (
			);
			runOnlyForDeploymentPostprocessing = 0;
			shellPath = /bin/sh;
			shellScript = "if which swiftlint >/dev/null; then\nswiftlint\nelse\necho \"warning: SwiftLint not installed, download from https://github.com/realm/SwiftLint\"\nfi";
		};
		6A8D29EE74CAB10970FD5678 /* [CP] Check Pods Manifest.lock */ = {
			isa = PBXShellScriptBuildPhase;
			buildActionMask = 2147483647;
			files = (
			);
			inputPaths = (
			);
			name = "[CP] Check Pods Manifest.lock";
			outputPaths = (
			);
			runOnlyForDeploymentPostprocessing = 0;
			shellPath = /bin/sh;
			shellScript = "diff \"${PODS_ROOT}/../Podfile.lock\" \"${PODS_ROOT}/Manifest.lock\" > /dev/null\nif [ $? != 0 ] ; then\n    # print error to STDERR\n    echo \"error: The sandbox is not in sync with the Podfile.lock. Run 'pod install' or update your CocoaPods installation.\" >&2\n    exit 1\nfi\n";
			showEnvVarsInLog = 0;
		};
		773F0A1049855D148718F913 /* [CP] Check Pods Manifest.lock */ = {
			isa = PBXShellScriptBuildPhase;
			buildActionMask = 2147483647;
			files = (
			);
			inputPaths = (
			);
			name = "[CP] Check Pods Manifest.lock";
			outputPaths = (
			);
			runOnlyForDeploymentPostprocessing = 0;
			shellPath = /bin/sh;
			shellScript = "diff \"${PODS_ROOT}/../Podfile.lock\" \"${PODS_ROOT}/Manifest.lock\" > /dev/null\nif [ $? != 0 ] ; then\n    # print error to STDERR\n    echo \"error: The sandbox is not in sync with the Podfile.lock. Run 'pod install' or update your CocoaPods installation.\" >&2\n    exit 1\nfi\n";
			showEnvVarsInLog = 0;
		};
		80A624666FFA94611AB87A9C /* [CP] Embed Pods Frameworks */ = {
			isa = PBXShellScriptBuildPhase;
			buildActionMask = 2147483647;
			files = (
			);
			inputPaths = (
			);
			name = "[CP] Embed Pods Frameworks";
			outputPaths = (
			);
			runOnlyForDeploymentPostprocessing = 0;
			shellPath = /bin/sh;
			shellScript = "\"${SRCROOT}/Pods/Target Support Files/Pods-RXMarvelousTests/Pods-RXMarvelousTests-frameworks.sh\"\n";
			showEnvVarsInLog = 0;
		};
		988D27F152775FC3D23EF0BE /* [CP] Copy Pods Resources */ = {
			isa = PBXShellScriptBuildPhase;
			buildActionMask = 2147483647;
			files = (
			);
			inputPaths = (
			);
			name = "[CP] Copy Pods Resources";
			outputPaths = (
			);
			runOnlyForDeploymentPostprocessing = 0;
			shellPath = /bin/sh;
			shellScript = "\"${SRCROOT}/Pods/Target Support Files/Pods-RXMarvelous/Pods-RXMarvelous-resources.sh\"\n";
			showEnvVarsInLog = 0;
		};
		EEA60420EF756493F9A0772F /* [CP] Copy Pods Resources */ = {
			isa = PBXShellScriptBuildPhase;
			buildActionMask = 2147483647;
			files = (
			);
			inputPaths = (
			);
			name = "[CP] Copy Pods Resources";
			outputPaths = (
			);
			runOnlyForDeploymentPostprocessing = 0;
			shellPath = /bin/sh;
			shellScript = "\"${SRCROOT}/Pods/Target Support Files/Pods-RXMarvelousTests/Pods-RXMarvelousTests-resources.sh\"\n";
			showEnvVarsInLog = 0;
		};
/* End PBXShellScriptBuildPhase section */

/* Begin PBXSourcesBuildPhase section */
		5B5BFDC71DC65DD4007E52A7 /* Sources */ = {
			isa = PBXSourcesBuildPhase;
			buildActionMask = 2147483647;
			files = (
				5B5BFDD11DC65DD4007E52A7 /* ViewController.swift in Sources */,
				5B5BFDCF1DC65DD4007E52A7 /* AppDelegate.swift in Sources */,
			);
			runOnlyForDeploymentPostprocessing = 0;
		};
		5B5BFDDB1DC65DD5007E52A7 /* Sources */ = {
			isa = PBXSourcesBuildPhase;
			buildActionMask = 2147483647;
			files = (
				5B5BFDE41DC65DD5007E52A7 /* RXMarvelousTests.swift in Sources */,
			);
			runOnlyForDeploymentPostprocessing = 0;
		};
		5B5BFDE61DC65DD5007E52A7 /* Sources */ = {
			isa = PBXSourcesBuildPhase;
			buildActionMask = 2147483647;
			files = (
				5B5BFDEF1DC65DD5007E52A7 /* RXMarvelousUITests.swift in Sources */,
			);
			runOnlyForDeploymentPostprocessing = 0;
		};
/* End PBXSourcesBuildPhase section */

/* Begin PBXTargetDependency section */
		5B5BFDE11DC65DD5007E52A7 /* PBXTargetDependency */ = {
			isa = PBXTargetDependency;
			target = 5B5BFDCA1DC65DD4007E52A7 /* RXMarvelous */;
			targetProxy = 5B5BFDE01DC65DD5007E52A7 /* PBXContainerItemProxy */;
		};
		5B5BFDEC1DC65DD5007E52A7 /* PBXTargetDependency */ = {
			isa = PBXTargetDependency;
			target = 5B5BFDCA1DC65DD4007E52A7 /* RXMarvelous */;
			targetProxy = 5B5BFDEB1DC65DD5007E52A7 /* PBXContainerItemProxy */;
		};
/* End PBXTargetDependency section */

/* Begin PBXVariantGroup section */
		5B5BFDD21DC65DD4007E52A7 /* Main.storyboard */ = {
			isa = PBXVariantGroup;
			children = (
				5B5BFDD31DC65DD4007E52A7 /* Base */,
			);
			name = Main.storyboard;
			sourceTree = "<group>";
		};
		5B5BFDD71DC65DD4007E52A7 /* LaunchScreen.storyboard */ = {
			isa = PBXVariantGroup;
			children = (
				5B5BFDD81DC65DD4007E52A7 /* Base */,
			);
			name = LaunchScreen.storyboard;
			sourceTree = "<group>";
		};
/* End PBXVariantGroup section */

/* Begin XCBuildConfiguration section */
		5B5BFDF11DC65DD5007E52A7 /* Debug */ = {
			isa = XCBuildConfiguration;
			buildSettings = {
				ALWAYS_SEARCH_USER_PATHS = NO;
				CLANG_ANALYZER_NONNULL = YES;
				CLANG_CXX_LANGUAGE_STANDARD = "gnu++0x";
				CLANG_CXX_LIBRARY = "libc++";
				CLANG_ENABLE_MODULES = YES;
				CLANG_ENABLE_OBJC_ARC = YES;
				CLANG_WARN_BOOL_CONVERSION = YES;
				CLANG_WARN_CONSTANT_CONVERSION = YES;
				CLANG_WARN_DIRECT_OBJC_ISA_USAGE = YES_ERROR;
				CLANG_WARN_DOCUMENTATION_COMMENTS = YES;
				CLANG_WARN_EMPTY_BODY = YES;
				CLANG_WARN_ENUM_CONVERSION = YES;
				CLANG_WARN_INFINITE_RECURSION = YES;
				CLANG_WARN_INT_CONVERSION = YES;
				CLANG_WARN_OBJC_ROOT_CLASS = YES_ERROR;
				CLANG_WARN_SUSPICIOUS_MOVES = YES;
				CLANG_WARN_UNREACHABLE_CODE = YES;
				CLANG_WARN__DUPLICATE_METHOD_MATCH = YES;
				"CODE_SIGN_IDENTITY[sdk=iphoneos*]" = "iPhone Developer";
				COPY_PHASE_STRIP = NO;
				DEBUG_INFORMATION_FORMAT = dwarf;
				ENABLE_STRICT_OBJC_MSGSEND = YES;
				ENABLE_TESTABILITY = YES;
				GCC_C_LANGUAGE_STANDARD = gnu99;
				GCC_DYNAMIC_NO_PIC = NO;
				GCC_NO_COMMON_BLOCKS = YES;
				GCC_OPTIMIZATION_LEVEL = 0;
				GCC_PREPROCESSOR_DEFINITIONS = (
					"DEBUG=1",
					"$(inherited)",
				);
				GCC_WARN_64_TO_32_BIT_CONVERSION = YES;
				GCC_WARN_ABOUT_RETURN_TYPE = YES_ERROR;
				GCC_WARN_UNDECLARED_SELECTOR = YES;
				GCC_WARN_UNINITIALIZED_AUTOS = YES_AGGRESSIVE;
				GCC_WARN_UNUSED_FUNCTION = YES;
				GCC_WARN_UNUSED_VARIABLE = YES;
				IPHONEOS_DEPLOYMENT_TARGET = 10.1;
				MTL_ENABLE_DEBUG_INFO = YES;
				ONLY_ACTIVE_ARCH = YES;
				SDKROOT = iphoneos;
				SWIFT_ACTIVE_COMPILATION_CONDITIONS = DEBUG;
				SWIFT_OPTIMIZATION_LEVEL = "-Onone";
				TARGETED_DEVICE_FAMILY = "1,2";
			};
			name = Debug;
		};
		5B5BFDF21DC65DD5007E52A7 /* Release */ = {
			isa = XCBuildConfiguration;
			buildSettings = {
				ALWAYS_SEARCH_USER_PATHS = NO;
				CLANG_ANALYZER_NONNULL = YES;
				CLANG_CXX_LANGUAGE_STANDARD = "gnu++0x";
				CLANG_CXX_LIBRARY = "libc++";
				CLANG_ENABLE_MODULES = YES;
				CLANG_ENABLE_OBJC_ARC = YES;
				CLANG_WARN_BOOL_CONVERSION = YES;
				CLANG_WARN_CONSTANT_CONVERSION = YES;
				CLANG_WARN_DIRECT_OBJC_ISA_USAGE = YES_ERROR;
				CLANG_WARN_DOCUMENTATION_COMMENTS = YES;
				CLANG_WARN_EMPTY_BODY = YES;
				CLANG_WARN_ENUM_CONVERSION = YES;
				CLANG_WARN_INFINITE_RECURSION = YES;
				CLANG_WARN_INT_CONVERSION = YES;
				CLANG_WARN_OBJC_ROOT_CLASS = YES_ERROR;
				CLANG_WARN_SUSPICIOUS_MOVES = YES;
				CLANG_WARN_UNREACHABLE_CODE = YES;
				CLANG_WARN__DUPLICATE_METHOD_MATCH = YES;
				"CODE_SIGN_IDENTITY[sdk=iphoneos*]" = "iPhone Developer";
				COPY_PHASE_STRIP = NO;
				DEBUG_INFORMATION_FORMAT = "dwarf-with-dsym";
				ENABLE_NS_ASSERTIONS = NO;
				ENABLE_STRICT_OBJC_MSGSEND = YES;
				GCC_C_LANGUAGE_STANDARD = gnu99;
				GCC_NO_COMMON_BLOCKS = YES;
				GCC_WARN_64_TO_32_BIT_CONVERSION = YES;
				GCC_WARN_ABOUT_RETURN_TYPE = YES_ERROR;
				GCC_WARN_UNDECLARED_SELECTOR = YES;
				GCC_WARN_UNINITIALIZED_AUTOS = YES_AGGRESSIVE;
				GCC_WARN_UNUSED_FUNCTION = YES;
				GCC_WARN_UNUSED_VARIABLE = YES;
				IPHONEOS_DEPLOYMENT_TARGET = 10.1;
				MTL_ENABLE_DEBUG_INFO = NO;
				SDKROOT = iphoneos;
				SWIFT_OPTIMIZATION_LEVEL = "-Owholemodule";
				TARGETED_DEVICE_FAMILY = "1,2";
				VALIDATE_PRODUCT = YES;
			};
			name = Release;
		};
		5B5BFDF41DC65DD5007E52A7 /* Debug */ = {
			isa = XCBuildConfiguration;
			baseConfigurationReference = 2E8CB926258307E98DD5E7AB /* Pods-RXMarvelous.debug.xcconfig */;
			buildSettings = {
				ASSETCATALOG_COMPILER_APPICON_NAME = AppIcon;
				INFOPLIST_FILE = RXMarvelous/Info.plist;
				LD_RUNPATH_SEARCH_PATHS = "$(inherited) @executable_path/Frameworks";
				PRODUCT_BUNDLE_IDENTIFIER = com.frelei.RXMarvelous;
				PRODUCT_NAME = "$(TARGET_NAME)";
				SWIFT_VERSION = 3.0;
			};
			name = Debug;
		};
		5B5BFDF51DC65DD5007E52A7 /* Release */ = {
			isa = XCBuildConfiguration;
			baseConfigurationReference = A04382963A0C599E7B03268C /* Pods-RXMarvelous.release.xcconfig */;
			buildSettings = {
				ASSETCATALOG_COMPILER_APPICON_NAME = AppIcon;
				INFOPLIST_FILE = RXMarvelous/Info.plist;
				LD_RUNPATH_SEARCH_PATHS = "$(inherited) @executable_path/Frameworks";
				PRODUCT_BUNDLE_IDENTIFIER = com.frelei.RXMarvelous;
				PRODUCT_NAME = "$(TARGET_NAME)";
				SWIFT_VERSION = 3.0;
			};
			name = Release;
		};
		5B5BFDF71DC65DD5007E52A7 /* Debug */ = {
			isa = XCBuildConfiguration;
			baseConfigurationReference = 391776C1681B2E68C3DB8061 /* Pods-RXMarvelousTests.debug.xcconfig */;
			buildSettings = {
				ALWAYS_EMBED_SWIFT_STANDARD_LIBRARIES = YES;
				BUNDLE_LOADER = "$(TEST_HOST)";
				INFOPLIST_FILE = RXMarvelousTests/Info.plist;
				LD_RUNPATH_SEARCH_PATHS = "$(inherited) @executable_path/Frameworks @loader_path/Frameworks";
				PRODUCT_BUNDLE_IDENTIFIER = com.frelei.RXMarvelousTests;
				PRODUCT_NAME = "$(TARGET_NAME)";
				SWIFT_VERSION = 3.0;
				TEST_HOST = "$(BUILT_PRODUCTS_DIR)/RXMarvelous.app/RXMarvelous";
			};
			name = Debug;
		};
		5B5BFDF81DC65DD5007E52A7 /* Release */ = {
			isa = XCBuildConfiguration;
			baseConfigurationReference = 809578FE50CB9033FC86FED5 /* Pods-RXMarvelousTests.release.xcconfig */;
			buildSettings = {
				ALWAYS_EMBED_SWIFT_STANDARD_LIBRARIES = YES;
				BUNDLE_LOADER = "$(TEST_HOST)";
				INFOPLIST_FILE = RXMarvelousTests/Info.plist;
				LD_RUNPATH_SEARCH_PATHS = "$(inherited) @executable_path/Frameworks @loader_path/Frameworks";
				PRODUCT_BUNDLE_IDENTIFIER = com.frelei.RXMarvelousTests;
				PRODUCT_NAME = "$(TARGET_NAME)";
				SWIFT_VERSION = 3.0;
				TEST_HOST = "$(BUILT_PRODUCTS_DIR)/RXMarvelous.app/RXMarvelous";
			};
			name = Release;
		};
		5B5BFDFA1DC65DD5007E52A7 /* Debug */ = {
			isa = XCBuildConfiguration;
			buildSettings = {
				ALWAYS_EMBED_SWIFT_STANDARD_LIBRARIES = YES;
				INFOPLIST_FILE = RXMarvelousUITests/Info.plist;
				LD_RUNPATH_SEARCH_PATHS = "$(inherited) @executable_path/Frameworks @loader_path/Frameworks";
				PRODUCT_BUNDLE_IDENTIFIER = com.frelei.RXMarvelousUITests;
				PRODUCT_NAME = "$(TARGET_NAME)";
				SWIFT_VERSION = 3.0;
				TEST_TARGET_NAME = RXMarvelous;
			};
			name = Debug;
		};
		5B5BFDFB1DC65DD5007E52A7 /* Release */ = {
			isa = XCBuildConfiguration;
			buildSettings = {
				ALWAYS_EMBED_SWIFT_STANDARD_LIBRARIES = YES;
				INFOPLIST_FILE = RXMarvelousUITests/Info.plist;
				LD_RUNPATH_SEARCH_PATHS = "$(inherited) @executable_path/Frameworks @loader_path/Frameworks";
				PRODUCT_BUNDLE_IDENTIFIER = com.frelei.RXMarvelousUITests;
				PRODUCT_NAME = "$(TARGET_NAME)";
				SWIFT_VERSION = 3.0;
				TEST_TARGET_NAME = RXMarvelous;
			};
			name = Release;
		};
/* End XCBuildConfiguration section */

/* Begin XCConfigurationList section */
		5B5BFDC61DC65DD4007E52A7 /* Build configuration list for PBXProject "RXMarvelous" */ = {
			isa = XCConfigurationList;
			buildConfigurations = (
				5B5BFDF11DC65DD5007E52A7 /* Debug */,
				5B5BFDF21DC65DD5007E52A7 /* Release */,
			);
			defaultConfigurationIsVisible = 0;
			defaultConfigurationName = Release;
		};
		5B5BFDF31DC65DD5007E52A7 /* Build configuration list for PBXNativeTarget "RXMarvelous" */ = {
			isa = XCConfigurationList;
			buildConfigurations = (
				5B5BFDF41DC65DD5007E52A7 /* Debug */,
				5B5BFDF51DC65DD5007E52A7 /* Release */,
			);
			defaultConfigurationIsVisible = 0;
			defaultConfigurationName = Release;
		};
		5B5BFDF61DC65DD5007E52A7 /* Build configuration list for PBXNativeTarget "RXMarvelousTests" */ = {
			isa = XCConfigurationList;
			buildConfigurations = (
				5B5BFDF71DC65DD5007E52A7 /* Debug */,
				5B5BFDF81DC65DD5007E52A7 /* Release */,
			);
			defaultConfigurationIsVisible = 0;
			defaultConfigurationName = Release;
		};
		5B5BFDF91DC65DD5007E52A7 /* Build configuration list for PBXNativeTarget "RXMarvelousUITests" */ = {
			isa = XCConfigurationList;
			buildConfigurations = (
				5B5BFDFA1DC65DD5007E52A7 /* Debug */,
				5B5BFDFB1DC65DD5007E52A7 /* Release */,
			);
			defaultConfigurationIsVisible = 0;
			defaultConfigurationName = Release;
		};
/* End XCConfigurationList section */
	};
	rootObject = 5B5BFDC31DC65DD4007E52A7 /* Project object */;
}
